// !$*UTF8*$!
{
	archiveVersion = 1;
	classes = {
	};
	objectVersion = 46;
	objects = {

/* Begin PBXBuildFile section */
		FF9C98771AB88310007C1855 /* main.m in Sources */ = {isa = PBXBuildFile; fileRef = FF9C98761AB88310007C1855 /* main.m */; };
		FF9C987A1AB88310007C1855 /* AppDelegate.m in Sources */ = {isa = PBXBuildFile; fileRef = FF9C98791AB88310007C1855 /* AppDelegate.m */; };
		FF9C98801AB88310007C1855 /* Main.storyboard in Resources */ = {isa = PBXBuildFile; fileRef = FF9C987E1AB88310007C1855 /* Main.storyboard */; };
		FF9C98821AB88310007C1855 /* Images.xcassets in Resources */ = {isa = PBXBuildFile; fileRef = FF9C98811AB88310007C1855 /* Images.xcassets */; };
		FF9C98851AB88310007C1855 /* LaunchScreen.xib in Resources */ = {isa = PBXBuildFile; fileRef = FF9C98831AB88310007C1855 /* LaunchScreen.xib */; };
		FF9C98911AB88310007C1855 /* DragonFashionTests.m in Sources */ = {isa = PBXBuildFile; fileRef = FF9C98901AB88310007C1855 /* DragonFashionTests.m */; };
		FF9C989C1AB8834C007C1855 /* HomeViewController.m in Sources */ = {isa = PBXBuildFile; fileRef = FF9C989B1AB8834C007C1855 /* HomeViewController.m */; };
		FF9C989F1AB88AB3007C1855 /* Dragon.m in Sources */ = {isa = PBXBuildFile; fileRef = FF9C989E1AB88AB3007C1855 /* Dragon.m */; };
		FFB79F2F1AB89EF70026FD12 /* ClothingDetailViewController.m in Sources */ = {isa = PBXBuildFile; fileRef = FFB79F2E1AB89EF70026FD12 /* ClothingDetailViewController.m */; };
/* End PBXBuildFile section */

/* Begin PBXContainerItemProxy section */
		FF9C988B1AB88310007C1855 /* PBXContainerItemProxy */ = {
			isa = PBXContainerItemProxy;
			containerPortal = FF9C98691AB88310007C1855 /* Project object */;
			proxyType = 1;
			remoteGlobalIDString = FF9C98701AB88310007C1855;
			remoteInfo = DragonFashion;
		};
/* End PBXContainerItemProxy section */

/* Begin PBXFileReference section */
		FF9C98711AB88310007C1855 /* DragonFashion.app */ = {isa = PBXFileReference; explicitFileType = wrapper.application; includeInIndex = 0; path = DragonFashion.app; sourceTree = BUILT_PRODUCTS_DIR; };
		FF9C98751AB88310007C1855 /* Info.plist */ = {isa = PBXFileReference; lastKnownFileType = text.plist.xml; path = Info.plist; sourceTree = "<group>"; };
		FF9C98761AB88310007C1855 /* main.m */ = {isa = PBXFileReference; lastKnownFileType = sourcecode.c.objc; path = main.m; sourceTree = "<group>"; };
		FF9C98781AB88310007C1855 /* AppDelegate.h */ = {isa = PBXFileReference; lastKnownFileType = sourcecode.c.h; path = AppDelegate.h; sourceTree = "<group>"; };
		FF9C98791AB88310007C1855 /* AppDelegate.m */ = {isa = PBXFileReference; lastKnownFileType = sourcecode.c.objc; path = AppDelegate.m; sourceTree = "<group>"; };
		FF9C987F1AB88310007C1855 /* Base */ = {isa = PBXFileReference; lastKnownFileType = file.storyboard; name = Base; path = Base.lproj/Main.storyboard; sourceTree = "<group>"; };
		FF9C98811AB88310007C1855 /* Images.xcassets */ = {isa = PBXFileReference; lastKnownFileType = folder.assetcatalog; path = Images.xcassets; sourceTree = "<group>"; };
		FF9C98841AB88310007C1855 /* Base */ = {isa = PBXFileReference; lastKnownFileType = file.xib; name = Base; path = Base.lproj/LaunchScreen.xib; sourceTree = "<group>"; };
		FF9C988A1AB88310007C1855 /* DragonFashionTests.xctest */ = {isa = PBXFileReference; explicitFileType = wrapper.cfbundle; includeInIndex = 0; path = DragonFashionTests.xctest; sourceTree = BUILT_PRODUCTS_DIR; };
		FF9C988F1AB88310007C1855 /* Info.plist */ = {isa = PBXFileReference; lastKnownFileType = text.plist.xml; path = Info.plist; sourceTree = "<group>"; };
		FF9C98901AB88310007C1855 /* DragonFashionTests.m */ = {isa = PBXFileReference; lastKnownFileType = sourcecode.c.objc; path = DragonFashionTests.m; sourceTree = "<group>"; };
		FF9C989A1AB8834C007C1855 /* HomeViewController.h */ = {isa = PBXFileReference; fileEncoding = 4; lastKnownFileType = sourcecode.c.h; name = HomeViewController.h; path = ../HomeViewController.h; sourceTree = "<group>"; };
		FF9C989B1AB8834C007C1855 /* HomeViewController.m */ = {isa = PBXFileReference; fileEncoding = 4; lastKnownFileType = sourcecode.c.objc; name = HomeViewController.m; path = ../HomeViewController.m; sourceTree = "<group>"; };
		FF9C989D1AB88AB3007C1855 /* Dragon.h */ = {isa = PBXFileReference; fileEncoding = 4; lastKnownFileType = sourcecode.c.h; path = Dragon.h; sourceTree = "<group>"; };
		FF9C989E1AB88AB3007C1855 /* Dragon.m */ = {isa = PBXFileReference; fileEncoding = 4; lastKnownFileType = sourcecode.c.objc; path = Dragon.m; sourceTree = "<group>"; };
		FFB79F2D1AB89EF70026FD12 /* ClothingDetailViewController.h */ = {isa = PBXFileReference; fileEncoding = 4; lastKnownFileType = sourcecode.c.h; path = ClothingDetailViewController.h; sourceTree = "<group>"; };
		FFB79F2E1AB89EF70026FD12 /* ClothingDetailViewController.m */ = {isa = PBXFileReference; fileEncoding = 4; lastKnownFileType = sourcecode.c.objc; path = ClothingDetailViewController.m; sourceTree = "<group>"; };
/* End PBXFileReference section */

/* Begin PBXFrameworksBuildPhase section */
		FF9C986E1AB88310007C1855 /* Frameworks */ = {
			isa = PBXFrameworksBuildPhase;
			buildActionMask = 2147483647;
			files = (
			);
			runOnlyForDeploymentPostprocessing = 0;
		};
		FF9C98871AB88310007C1855 /* Frameworks */ = {
			isa = PBXFrameworksBuildPhase;
			buildActionMask = 2147483647;
			files = (
			);
			runOnlyForDeploymentPostprocessing = 0;
		};
/* End PBXFrameworksBuildPhase section */

/* Begin PBXGroup section */
		FF9C98681AB88310007C1855 = {
			isa = PBXGroup;
			children = (
				FF9C98731AB88310007C1855 /* DragonFashion */,
				FF9C988D1AB88310007C1855 /* DragonFashionTests */,
				FF9C98721AB88310007C1855 /* Products */,
			);
			sourceTree = "<group>";
		};
		FF9C98721AB88310007C1855 /* Products */ = {
			isa = PBXGroup;
			children = (
				FF9C98711AB88310007C1855 /* DragonFashion.app */,
				FF9C988A1AB88310007C1855 /* DragonFashionTests.xctest */,
			);
			name = Products;
			sourceTree = "<group>";
		};
		FF9C98731AB88310007C1855 /* DragonFashion */ = {
			isa = PBXGroup;
			children = (
				FF9C989A1AB8834C007C1855 /* HomeViewController.h */,
				FF9C989B1AB8834C007C1855 /* HomeViewController.m */,
				FF9C98781AB88310007C1855 /* AppDelegate.h */,
				FF9C98791AB88310007C1855 /* AppDelegate.m */,
				FF9C987E1AB88310007C1855 /* Main.storyboard */,
				FFB79F2D1AB89EF70026FD12 /* ClothingDetailViewController.h */,
				FFB79F2E1AB89EF70026FD12 /* ClothingDetailViewController.m */,
				FF9C989D1AB88AB3007C1855 /* Dragon.h */,
				FF9C989E1AB88AB3007C1855 /* Dragon.m */,
				FF9C98811AB88310007C1855 /* Images.xcassets */,
				FF9C98831AB88310007C1855 /* LaunchScreen.xib */,
				FF9C98741AB88310007C1855 /* Supporting Files */,
			);
			path = DragonFashion;
			sourceTree = "<group>";
		};
		FF9C98741AB88310007C1855 /* Supporting Files */ = {
			isa = PBXGroup;
			children = (
				FF9C98751AB88310007C1855 /* Info.plist */,
				FF9C98761AB88310007C1855 /* main.m */,
			);
			name = "Supporting Files";
			sourceTree = "<group>";
		};
		FF9C988D1AB88310007C1855 /* DragonFashionTests */ = {
			isa = PBXGroup;
			children = (
				FF9C98901AB88310007C1855 /* DragonFashionTests.m */,
				FF9C988E1AB88310007C1855 /* Supporting Files */,
			);
			path = DragonFashionTests;
			sourceTree = "<group>";
		};
		FF9C988E1AB88310007C1855 /* Supporting Files */ = {
			isa = PBXGroup;
			children = (
				FF9C988F1AB88310007C1855 /* Info.plist */,
			);
			name = "Supporting Files";
			sourceTree = "<group>";
		};
/* End PBXGroup section */

/* Begin PBXNativeTarget section */
		FF9C98701AB88310007C1855 /* DragonFashion */ = {
			isa = PBXNativeTarget;
			buildConfigurationList = FF9C98941AB88310007C1855 /* Build configuration list for PBXNativeTarget "DragonFashion" */;
			buildPhases = (
				FF9C986D1AB88310007C1855 /* Sources */,
				FF9C986E1AB88310007C1855 /* Frameworks */,
				FF9C986F1AB88310007C1855 /* Resources */,
			);
			buildRules = (
			);
			dependencies = (
			);
			name = DragonFashion;
			productName = DragonFashion;
			productReference = FF9C98711AB88310007C1855 /* DragonFashion.app */;
			productType = "com.apple.product-type.application";
		};
		FF9C98891AB88310007C1855 /* DragonFashionTests */ = {
			isa = PBXNativeTarget;
			buildConfigurationList = FF9C98971AB88310007C1855 /* Build configuration list for PBXNativeTarget "DragonFashionTests" */;
			buildPhases = (
				FF9C98861AB88310007C1855 /* Sources */,
				FF9C98871AB88310007C1855 /* Frameworks */,
				FF9C98881AB88310007C1855 /* Resources */,
			);
			buildRules = (
			);
			dependencies = (
				FF9C988C1AB88310007C1855 /* PBXTargetDependency */,
			);
			name = DragonFashionTests;
			productName = DragonFashionTests;
			productReference = FF9C988A1AB88310007C1855 /* DragonFashionTests.xctest */;
			productType = "com.apple.product-type.bundle.unit-test";
		};
/* End PBXNativeTarget section */

/* Begin PBXProject section */
		FF9C98691AB88310007C1855 /* Project object */ = {
			isa = PBXProject;
			attributes = {
				LastUpgradeCheck = 0610;
				ORGANIZATIONNAME = MobileMakers;
				TargetAttributes = {
					FF9C98701AB88310007C1855 = {
						CreatedOnToolsVersion = 6.1.1;
					};
					FF9C98891AB88310007C1855 = {
						CreatedOnToolsVersion = 6.1.1;
						TestTargetID = FF9C98701AB88310007C1855;
					};
				};
			};
			buildConfigurationList = FF9C986C1AB88310007C1855 /* Build configuration list for PBXProject "DragonFashion" */;
			compatibilityVersion = "Xcode 3.2";
			developmentRegion = English;
			hasScannedForEncodings = 0;
			knownRegions = (
				en,
				Base,
			);
			mainGroup = FF9C98681AB88310007C1855;
			productRefGroup = FF9C98721AB88310007C1855 /* Products */;
			projectDirPath = "";
			projectRoot = "";
			targets = (
				FF9C98701AB88310007C1855 /* DragonFashion */,
				FF9C98891AB88310007C1855 /* DragonFashionTests */,
			);
		};
/* End PBXProject section */

/* Begin PBXResourcesBuildPhase section */
		FF9C986F1AB88310007C1855 /* Resources */ = {
			isa = PBXResourcesBuildPhase;
			buildActionMask = 2147483647;
			files = (
				FF9C98801AB88310007C1855 /* Main.storyboard in Resources */,
				FF9C98851AB88310007C1855 /* LaunchScreen.xib in Resources */,
				FF9C98821AB88310007C1855 /* Images.xcassets in Resources */,
			);
			runOnlyForDeploymentPostprocessing = 0;
		};
		FF9C98881AB88310007C1855 /* Resources */ = {
			isa = PBXResourcesBuildPhase;
			buildActionMask = 2147483647;
			files = (
			);
			runOnlyForDeploymentPostprocessing = 0;
		};
/* End PBXResourcesBuildPhase section */

/* Begin PBXSourcesBuildPhase section */
		FF9C986D1AB88310007C1855 /* Sources */ = {
			isa = PBXSourcesBuildPhase;
			buildActionMask = 2147483647;
			files = (
				FF9C987A1AB88310007C1855 /* AppDelegate.m in Sources */,
				FF9C98771AB88310007C1855 /* main.m in Sources */,
				FFB79F2F1AB89EF70026FD12 /* ClothingDetailViewController.m in Sources */,
				FF9C989F1AB88AB3007C1855 /* Dragon.m in Sources */,
				FF9C989C1AB8834C007C1855 /* HomeViewController.m in Sources */,
			);
			runOnlyForDeploymentPostprocessing = 0;
		};
		FF9C98861AB88310007C1855 /* Sources */ = {
			isa = PBXSourcesBuildPhase;
			buildActionMask = 2147483647;
			files = (
				FF9C98911AB88310007C1855 /* DragonFashionTests.m in Sources */,
			);
			runOnlyForDeploymentPostprocessing = 0;
		};
/* End PBXSourcesBuildPhase section */

/* Begin PBXTargetDependency section */
		FF9C988C1AB88310007C1855 /* PBXTargetDependency */ = {
			isa = PBXTargetDependency;
			target = FF9C98701AB88310007C1855 /* DragonFashion */;
			targetProxy = FF9C988B1AB88310007C1855 /* PBXContainerItemProxy */;
		};
/* End PBXTargetDependency section */

/* Begin PBXVariantGroup section */
		FF9C987E1AB88310007C1855 /* Main.storyboard */ = {
			isa = PBXVariantGroup;
			children = (
				FF9C987F1AB88310007C1855 /* Base */,
			);
			name = Main.storyboard;
			sourceTree = "<group>";
		};
		FF9C98831AB88310007C1855 /* LaunchScreen.xib */ = {
			isa = PBXVariantGroup;
			children = (
				FF9C98841AB88310007C1855 /* Base */,
			);
			name = LaunchScreen.xib;
			sourceTree = "<group>";
		};
/* End PBXVariantGroup section */

/* Begin XCBuildConfiguration section */
		FF9C98921AB88310007C1855 /* Debug */ = {
			isa = XCBuildConfiguration;
			buildSettings = {
				ALWAYS_SEARCH_USER_PATHS = NO;
				CLANG_CXX_LANGUAGE_STANDARD = "gnu++0x";
				CLANG_CXX_LIBRARY = "libc++";
				CLANG_ENABLE_MODULES = YES;
				CLANG_ENABLE_OBJC_ARC = YES;
				CLANG_WARN_BOOL_CONVERSION = YES;
				CLANG_WARN_CONSTANT_CONVERSION = YES;
				CLANG_WARN_DIRECT_OBJC_ISA_USAGE = YES_ERROR;
				CLANG_WARN_EMPTY_BODY = YES;
				CLANG_WARN_ENUM_CONVERSION = YES;
				CLANG_WARN_INT_CONVERSION = YES;
				CLANG_WARN_OBJC_ROOT_CLASS = YES_ERROR;
				CLANG_WARN_UNREACHABLE_CODE = YES;
				CLANG_WARN__DUPLICATE_METHOD_MATCH = YES;
				"CODE_SIGN_IDENTITY[sdk=iphoneos*]" = "iPhone Developer";
				COPY_PHASE_STRIP = NO;
				ENABLE_STRICT_OBJC_MSGSEND = YES;
				GCC_C_LANGUAGE_STANDARD = gnu99;
				GCC_DYNAMIC_NO_PIC = NO;
				GCC_OPTIMIZATION_LEVEL = 0;
				GCC_PREPROCESSOR_DEFINITIONS = (
					"DEBUG=1",
					"$(inherited)",
				);
				GCC_SYMBOLS_PRIVATE_EXTERN = NO;
				GCC_WARN_64_TO_32_BIT_CONVERSION = YES;
				GCC_WARN_ABOUT_RETURN_TYPE = YES_ERROR;
				GCC_WARN_UNDECLARED_SELECTOR = YES;
				GCC_WARN_UNINITIALIZED_AUTOS = YES_AGGRESSIVE;
				GCC_WARN_UNUSED_FUNCTION = YES;
				GCC_WARN_UNUSED_VARIABLE = YES;
				IPHONEOS_DEPLOYMENT_TARGET = 8.1;
				MTL_ENABLE_DEBUG_INFO = YES;
				ONLY_ACTIVE_ARCH = YES;
				SDKROOT = iphoneos;
			};
			name = Debug;
		};
		FF9C98931AB88310007C1855 /* Release */ = {
			isa = XCBuildConfiguration;
			buildSettings = {
				ALWAYS_SEARCH_USER_PATHS = NO;
				CLANG_CXX_LANGUAGE_STANDARD = "gnu++0x";
				CLANG_CXX_LIBRARY = "libc++";
				CLANG_ENABLE_MODULES = YES;
				CLANG_ENABLE_OBJC_ARC = YES;
				CLANG_WARN_BOOL_CONVERSION = YES;
				CLANG_WARN_CONSTANT_CONVERSION = YES;
				CLANG_WARN_DIRECT_OBJC_ISA_USAGE = YES_ERROR;
				CLANG_WARN_EMPTY_BODY = YES;
				CLANG_WARN_ENUM_CONVERSION = YES;
				CLANG_WARN_INT_CONVERSION = YES;
				CLANG_WARN_OBJC_ROOT_CLASS = YES_ERROR;
				CLANG_WARN_UNREACHABLE_CODE = YES;
				CLANG_WARN__DUPLICATE_METHOD_MATCH = YES;
				"CODE_SIGN_IDENTITY[sdk=iphoneos*]" = "iPhone Developer";
				COPY_PHASE_STRIP = YES;
				ENABLE_NS_ASSERTIONS = NO;
				ENABLE_STRICT_OBJC_MSGSEND = YES;
				GCC_C_LANGUAGE_STANDARD = gnu99;
				GCC_WARN_64_TO_32_BIT_CONVERSION = YES;
				GCC_WARN_ABOUT_RETURN_TYPE = YES_ERROR;
				GCC_WARN_UNDECLARED_SELECTOR = YES;
				GCC_WARN_UNINITIALIZED_AUTOS = YES_AGGRESSIVE;
				GCC_WARN_UNUSED_FUNCTION = YES;
				GCC_WARN_UNUSED_VARIABLE = YES;
				IPHONEOS_DEPLOYMENT_TARGET = 8.1;
				MTL_ENABLE_DEBUG_INFO = NO;
				SDKROOT = iphoneos;
				VALIDATE_PRODUCT = YES;
			};
			name = Release;
		};
		FF9C98951AB88310007C1855 /* Debug */ = {
			isa = XCBuildConfiguration;
			buildSettings = {
				ASSETCATALOG_COMPILER_APPICON_NAME = AppIcon;
				INFOPLIST_FILE = DragonFashion/Info.plist;
				LD_RUNPATH_SEARCH_PATHS = "$(inherited) @executable_path/Frameworks";
				PRODUCT_NAME = "$(TARGET_NAME)";
			};
			name = Debug;
		};
		FF9C98961AB88310007C1855 /* Release */ = {
			isa = XCBuildConfiguration;
			buildSettings = {
				ASSETCATALOG_COMPILER_APPICON_NAME = AppIcon;
				INFOPLIST_FILE = DragonFashion/Info.plist;
				LD_RUNPATH_SEARCH_PATHS = "$(inherited) @executable_path/Frameworks";
				PRODUCT_NAME = "$(TARGET_NAME)";
			};
			name = Release;
		};
		FF9C98981AB88310007C1855 /* Debug */ = {
			isa = XCBuildConfiguration;
			buildSettings = {
				BUNDLE_LOADER = "$(TEST_HOST)";
				FRAMEWORK_SEARCH_PATHS = (
					"$(SDKROOT)/Developer/Library/Frameworks",
					"$(inherited)",
				);
				GCC_PREPROCESSOR_DEFINITIONS = (
					"DEBUG=1",
					"$(inherited)",
				);
				INFOPLIST_FILE = DragonFashionTests/Info.plist;
				LD_RUNPATH_SEARCH_PATHS = "$(inherited) @executable_path/Frameworks @loader_path/Frameworks";
				PRODUCT_NAME = "$(TARGET_NAME)";
				TEST_HOST = "$(BUILT_PRODUCTS_DIR)/DragonFashion.app/DragonFashion";
			};
			name = Debug;
		};
		FF9C98991AB88310007C1855 /* Release */ = {
			isa = XCBuildConfiguration;
			buildSettings = {
				BUNDLE_LOADER = "$(TEST_HOST)";
				FRAMEWORK_SEARCH_PATHS = (
					"$(SDKROOT)/Developer/Library/Frameworks",
					"$(inherited)",
				);
				INFOPLIST_FILE = DragonFashionTests/Info.plist;
				LD_RUNPATH_SEARCH_PATHS = "$(inherited) @executable_path/Frameworks @loader_path/Frameworks";
				PRODUCT_NAME = "$(TARGET_NAME)";
				TEST_HOST = "$(BUILT_PRODUCTS_DIR)/DragonFashion.app/DragonFashion";
			};
			name = Release;
		};
/* End XCBuildConfiguration section */

/* Begin XCConfigurationList section */
		FF9C986C1AB88310007C1855 /* Build configuration list for PBXProject "DragonFashion" */ = {
			isa = XCConfigurationList;
			buildConfigurations = (
				FF9C98921AB88310007C1855 /* Debug */,
				FF9C98931AB88310007C1855 /* Release */,
			);
			defaultConfigurationIsVisible = 0;
			defaultConfigurationName = Release;
		};
		FF9C98941AB88310007C1855 /* Build configuration list for PBXNativeTarget "DragonFashion" */ = {
			isa = XCConfigurationList;
			buildConfigurations = (
				FF9C98951AB88310007C1855 /* Debug */,
				FF9C98961AB88310007C1855 /* Release */,
			);
			defaultConfigurationIsVisible = 0;
			defaultConfigurationName = Release;
		};
		FF9C98971AB88310007C1855 /* Build configuration list for PBXNativeTarget "DragonFashionTests" */ = {
			isa = XCConfigurationList;
			buildConfigurations = (
				FF9C98981AB88310007C1855 /* Debug */,
				FF9C98991AB88310007C1855 /* Release */,
			);
			defaultConfigurationIsVisible = 0;
			defaultConfigurationName = Release;
		};
/* End XCConfigurationList section */
	};
	rootObject = FF9C98691AB88310007C1855 /* Project object */;
}
