// !$*UTF8*$!
{
	archiveVersion = 1;
	classes = {
	};
	objectVersion = 46;
	objects = {

/* Begin PBXBuildFile section */
		FFEAC6FD1AC30A2A00530D7B /* main.m in Sources */ = {isa = PBXBuildFile; fileRef = FFEAC6FC1AC30A2A00530D7B /* main.m */; };
		FFEAC7001AC30A2A00530D7B /* AppDelegate.m in Sources */ = {isa = PBXBuildFile; fileRef = FFEAC6FF1AC30A2A00530D7B /* AppDelegate.m */; };
		FFEAC7031AC30A2A00530D7B /* ViewController.m in Sources */ = {isa = PBXBuildFile; fileRef = FFEAC7021AC30A2A00530D7B /* ViewController.m */; };
		FFEAC7061AC30A2A00530D7B /* Main.storyboard in Resources */ = {isa = PBXBuildFile; fileRef = FFEAC7041AC30A2A00530D7B /* Main.storyboard */; };
		FFEAC7081AC30A2A00530D7B /* Images.xcassets in Resources */ = {isa = PBXBuildFile; fileRef = FFEAC7071AC30A2A00530D7B /* Images.xcassets */; };
		FFEAC70B1AC30A2A00530D7B /* LaunchScreen.xib in Resources */ = {isa = PBXBuildFile; fileRef = FFEAC7091AC30A2A00530D7B /* LaunchScreen.xib */; };
		FFEAC7171AC30A2A00530D7B /* GoToJailTests.m in Sources */ = {isa = PBXBuildFile; fileRef = FFEAC7161AC30A2A00530D7B /* GoToJailTests.m */; };
		FFEAC7211AC30C8E00530D7B /* CoreLocation.framework in Frameworks */ = {isa = PBXBuildFile; fileRef = FFEAC7201AC30C8E00530D7B /* CoreLocation.framework */; };
/* End PBXBuildFile section */

/* Begin PBXContainerItemProxy section */
		FFEAC7111AC30A2A00530D7B /* PBXContainerItemProxy */ = {
			isa = PBXContainerItemProxy;
			containerPortal = FFEAC6EF1AC30A2A00530D7B /* Project object */;
			proxyType = 1;
			remoteGlobalIDString = FFEAC6F61AC30A2A00530D7B;
			remoteInfo = GoToJail;
		};
/* End PBXContainerItemProxy section */

/* Begin PBXFileReference section */
		FFEAC6F71AC30A2A00530D7B /* GoToJail.app */ = {isa = PBXFileReference; explicitFileType = wrapper.application; includeInIndex = 0; path = GoToJail.app; sourceTree = BUILT_PRODUCTS_DIR; };
		FFEAC6FB1AC30A2A00530D7B /* Info.plist */ = {isa = PBXFileReference; lastKnownFileType = text.plist.xml; path = Info.plist; sourceTree = "<group>"; };
		FFEAC6FC1AC30A2A00530D7B /* main.m */ = {isa = PBXFileReference; lastKnownFileType = sourcecode.c.objc; path = main.m; sourceTree = "<group>"; };
		FFEAC6FE1AC30A2A00530D7B /* AppDelegate.h */ = {isa = PBXFileReference; lastKnownFileType = sourcecode.c.h; path = AppDelegate.h; sourceTree = "<group>"; };
		FFEAC6FF1AC30A2A00530D7B /* AppDelegate.m */ = {isa = PBXFileReference; lastKnownFileType = sourcecode.c.objc; path = AppDelegate.m; sourceTree = "<group>"; };
		FFEAC7011AC30A2A00530D7B /* ViewController.h */ = {isa = PBXFileReference; lastKnownFileType = sourcecode.c.h; path = ViewController.h; sourceTree = "<group>"; };
		FFEAC7021AC30A2A00530D7B /* ViewController.m */ = {isa = PBXFileReference; lastKnownFileType = sourcecode.c.objc; path = ViewController.m; sourceTree = "<group>"; };
		FFEAC7051AC30A2A00530D7B /* Base */ = {isa = PBXFileReference; lastKnownFileType = file.storyboard; name = Base; path = Base.lproj/Main.storyboard; sourceTree = "<group>"; };
		FFEAC7071AC30A2A00530D7B /* Images.xcassets */ = {isa = PBXFileReference; lastKnownFileType = folder.assetcatalog; path = Images.xcassets; sourceTree = "<group>"; };
		FFEAC70A1AC30A2A00530D7B /* Base */ = {isa = PBXFileReference; lastKnownFileType = file.xib; name = Base; path = Base.lproj/LaunchScreen.xib; sourceTree = "<group>"; };
		FFEAC7101AC30A2A00530D7B /* GoToJailTests.xctest */ = {isa = PBXFileReference; explicitFileType = wrapper.cfbundle; includeInIndex = 0; path = GoToJailTests.xctest; sourceTree = BUILT_PRODUCTS_DIR; };
		FFEAC7151AC30A2A00530D7B /* Info.plist */ = {isa = PBXFileReference; lastKnownFileType = text.plist.xml; path = Info.plist; sourceTree = "<group>"; };
		FFEAC7161AC30A2A00530D7B /* GoToJailTests.m */ = {isa = PBXFileReference; lastKnownFileType = sourcecode.c.objc; path = GoToJailTests.m; sourceTree = "<group>"; };
		FFEAC7201AC30C8E00530D7B /* CoreLocation.framework */ = {isa = PBXFileReference; lastKnownFileType = wrapper.framework; name = CoreLocation.framework; path = System/Library/Frameworks/CoreLocation.framework; sourceTree = SDKROOT; };
/* End PBXFileReference section */

/* Begin PBXFrameworksBuildPhase section */
		FFEAC6F41AC30A2A00530D7B /* Frameworks */ = {
			isa = PBXFrameworksBuildPhase;
			buildActionMask = 2147483647;
			files = (
				FFEAC7211AC30C8E00530D7B /* CoreLocation.framework in Frameworks */,
			);
			runOnlyForDeploymentPostprocessing = 0;
		};
		FFEAC70D1AC30A2A00530D7B /* Frameworks */ = {
			isa = PBXFrameworksBuildPhase;
			buildActionMask = 2147483647;
			files = (
			);
			runOnlyForDeploymentPostprocessing = 0;
		};
/* End PBXFrameworksBuildPhase section */

/* Begin PBXGroup section */
		FFEAC6EE1AC30A2A00530D7B = {
			isa = PBXGroup;
			children = (
				FFEAC7201AC30C8E00530D7B /* CoreLocation.framework */,
				FFEAC6F91AC30A2A00530D7B /* GoToJail */,
				FFEAC7131AC30A2A00530D7B /* GoToJailTests */,
				FFEAC6F81AC30A2A00530D7B /* Products */,
			);
			sourceTree = "<group>";
		};
		FFEAC6F81AC30A2A00530D7B /* Products */ = {
			isa = PBXGroup;
			children = (
				FFEAC6F71AC30A2A00530D7B /* GoToJail.app */,
				FFEAC7101AC30A2A00530D7B /* GoToJailTests.xctest */,
			);
			name = Products;
			sourceTree = "<group>";
		};
		FFEAC6F91AC30A2A00530D7B /* GoToJail */ = {
			isa = PBXGroup;
			children = (
				FFEAC6FE1AC30A2A00530D7B /* AppDelegate.h */,
				FFEAC6FF1AC30A2A00530D7B /* AppDelegate.m */,
				FFEAC7011AC30A2A00530D7B /* ViewController.h */,
				FFEAC7021AC30A2A00530D7B /* ViewController.m */,
				FFEAC7041AC30A2A00530D7B /* Main.storyboard */,
				FFEAC7071AC30A2A00530D7B /* Images.xcassets */,
				FFEAC7091AC30A2A00530D7B /* LaunchScreen.xib */,
				FFEAC6FA1AC30A2A00530D7B /* Supporting Files */,
			);
			path = GoToJail;
			sourceTree = "<group>";
		};
		FFEAC6FA1AC30A2A00530D7B /* Supporting Files */ = {
			isa = PBXGroup;
			children = (
				FFEAC6FB1AC30A2A00530D7B /* Info.plist */,
				FFEAC6FC1AC30A2A00530D7B /* main.m */,
			);
			name = "Supporting Files";
			sourceTree = "<group>";
		};
		FFEAC7131AC30A2A00530D7B /* GoToJailTests */ = {
			isa = PBXGroup;
			children = (
				FFEAC7161AC30A2A00530D7B /* GoToJailTests.m */,
				FFEAC7141AC30A2A00530D7B /* Supporting Files */,
			);
			path = GoToJailTests;
			sourceTree = "<group>";
		};
		FFEAC7141AC30A2A00530D7B /* Supporting Files */ = {
			isa = PBXGroup;
			children = (
				FFEAC7151AC30A2A00530D7B /* Info.plist */,
			);
			name = "Supporting Files";
			sourceTree = "<group>";
		};
/* End PBXGroup section */

/* Begin PBXNativeTarget section */
		FFEAC6F61AC30A2A00530D7B /* GoToJail */ = {
			isa = PBXNativeTarget;
			buildConfigurationList = FFEAC71A1AC30A2A00530D7B /* Build configuration list for PBXNativeTarget "GoToJail" */;
			buildPhases = (
				FFEAC6F31AC30A2A00530D7B /* Sources */,
				FFEAC6F41AC30A2A00530D7B /* Frameworks */,
				FFEAC6F51AC30A2A00530D7B /* Resources */,
			);
			buildRules = (
			);
			dependencies = (
			);
			name = GoToJail;
			productName = GoToJail;
			productReference = FFEAC6F71AC30A2A00530D7B /* GoToJail.app */;
			productType = "com.apple.product-type.application";
		};
		FFEAC70F1AC30A2A00530D7B /* GoToJailTests */ = {
			isa = PBXNativeTarget;
			buildConfigurationList = FFEAC71D1AC30A2A00530D7B /* Build configuration list for PBXNativeTarget "GoToJailTests" */;
			buildPhases = (
				FFEAC70C1AC30A2A00530D7B /* Sources */,
				FFEAC70D1AC30A2A00530D7B /* Frameworks */,
				FFEAC70E1AC30A2A00530D7B /* Resources */,
			);
			buildRules = (
			);
			dependencies = (
				FFEAC7121AC30A2A00530D7B /* PBXTargetDependency */,
			);
			name = GoToJailTests;
			productName = GoToJailTests;
			productReference = FFEAC7101AC30A2A00530D7B /* GoToJailTests.xctest */;
			productType = "com.apple.product-type.bundle.unit-test";
		};
/* End PBXNativeTarget section */

/* Begin PBXProject section */
		FFEAC6EF1AC30A2A00530D7B /* Project object */ = {
			isa = PBXProject;
			attributes = {
				LastUpgradeCheck = 0610;
				ORGANIZATIONNAME = MobileMakers;
				TargetAttributes = {
					FFEAC6F61AC30A2A00530D7B = {
						CreatedOnToolsVersion = 6.1.1;
					};
					FFEAC70F1AC30A2A00530D7B = {
						CreatedOnToolsVersion = 6.1.1;
						TestTargetID = FFEAC6F61AC30A2A00530D7B;
					};
				};
			};
			buildConfigurationList = FFEAC6F21AC30A2A00530D7B /* Build configuration list for PBXProject "GoToJail" */;
			compatibilityVersion = "Xcode 3.2";
			developmentRegion = English;
			hasScannedForEncodings = 0;
			knownRegions = (
				en,
				Base,
			);
			mainGroup = FFEAC6EE1AC30A2A00530D7B;
			productRefGroup = FFEAC6F81AC30A2A00530D7B /* Products */;
			projectDirPath = "";
			projectRoot = "";
			targets = (
				FFEAC6F61AC30A2A00530D7B /* GoToJail */,
				FFEAC70F1AC30A2A00530D7B /* GoToJailTests */,
			);
		};
/* End PBXProject section */

/* Begin PBXResourcesBuildPhase section */
		FFEAC6F51AC30A2A00530D7B /* Resources */ = {
			isa = PBXResourcesBuildPhase;
			buildActionMask = 2147483647;
			files = (
				FFEAC7061AC30A2A00530D7B /* Main.storyboard in Resources */,
				FFEAC70B1AC30A2A00530D7B /* LaunchScreen.xib in Resources */,
				FFEAC7081AC30A2A00530D7B /* Images.xcassets in Resources */,
			);
			runOnlyForDeploymentPostprocessing = 0;
		};
		FFEAC70E1AC30A2A00530D7B /* Resources */ = {
			isa = PBXResourcesBuildPhase;
			buildActionMask = 2147483647;
			files = (
			);
			runOnlyForDeploymentPostprocessing = 0;
		};
/* End PBXResourcesBuildPhase section */

/* Begin PBXSourcesBuildPhase section */
		FFEAC6F31AC30A2A00530D7B /* Sources */ = {
			isa = PBXSourcesBuildPhase;
			buildActionMask = 2147483647;
			files = (
				FFEAC7031AC30A2A00530D7B /* ViewController.m in Sources */,
				FFEAC7001AC30A2A00530D7B /* AppDelegate.m in Sources */,
				FFEAC6FD1AC30A2A00530D7B /* main.m in Sources */,
			);
			runOnlyForDeploymentPostprocessing = 0;
		};
		FFEAC70C1AC30A2A00530D7B /* Sources */ = {
			isa = PBXSourcesBuildPhase;
			buildActionMask = 2147483647;
			files = (
				FFEAC7171AC30A2A00530D7B /* GoToJailTests.m in Sources */,
			);
			runOnlyForDeploymentPostprocessing = 0;
		};
/* End PBXSourcesBuildPhase section */

/* Begin PBXTargetDependency section */
		FFEAC7121AC30A2A00530D7B /* PBXTargetDependency */ = {
			isa = PBXTargetDependency;
			target = FFEAC6F61AC30A2A00530D7B /* GoToJail */;
			targetProxy = FFEAC7111AC30A2A00530D7B /* PBXContainerItemProxy */;
		};
/* End PBXTargetDependency section */

/* Begin PBXVariantGroup section */
		FFEAC7041AC30A2A00530D7B /* Main.storyboard */ = {
			isa = PBXVariantGroup;
			children = (
				FFEAC7051AC30A2A00530D7B /* Base */,
			);
			name = Main.storyboard;
			sourceTree = "<group>";
		};
		FFEAC7091AC30A2A00530D7B /* LaunchScreen.xib */ = {
			isa = PBXVariantGroup;
			children = (
				FFEAC70A1AC30A2A00530D7B /* Base */,
			);
			name = LaunchScreen.xib;
			sourceTree = "<group>";
		};
/* End PBXVariantGroup section */

/* Begin XCBuildConfiguration section */
		FFEAC7181AC30A2A00530D7B /* Debug */ = {
			isa = XCBuildConfiguration;
			buildSettings = {
				ALWAYS_SEARCH_USER_PATHS = NO;
				CLANG_CXX_LANGUAGE_STANDARD = "gnu++0x";
				CLANG_CXX_LIBRARY = "libc++";
				CLANG_ENABLE_MODULES = YES;
				CLANG_ENABLE_OBJC_ARC = YES;
				CLANG_WARN_BOOL_CONVERSION = YES;
				CLANG_WARN_CONSTANT_CONVERSION = YES;
				CLANG_WARN_DIRECT_OBJC_ISA_USAGE = YES_ERROR;
				CLANG_WARN_EMPTY_BODY = YES;
				CLANG_WARN_ENUM_CONVERSION = YES;
				CLANG_WARN_INT_CONVERSION = YES;
				CLANG_WARN_OBJC_ROOT_CLASS = YES_ERROR;
				CLANG_WARN_UNREACHABLE_CODE = YES;
				CLANG_WARN__DUPLICATE_METHOD_MATCH = YES;
				"CODE_SIGN_IDENTITY[sdk=iphoneos*]" = "iPhone Developer";
				COPY_PHASE_STRIP = NO;
				ENABLE_STRICT_OBJC_MSGSEND = YES;
				GCC_C_LANGUAGE_STANDARD = gnu99;
				GCC_DYNAMIC_NO_PIC = NO;
				GCC_OPTIMIZATION_LEVEL = 0;
				GCC_PREPROCESSOR_DEFINITIONS = (
					"DEBUG=1",
					"$(inherited)",
				);
				GCC_SYMBOLS_PRIVATE_EXTERN = NO;
				GCC_WARN_64_TO_32_BIT_CONVERSION = YES;
				GCC_WARN_ABOUT_RETURN_TYPE = YES_ERROR;
				GCC_WARN_UNDECLARED_SELECTOR = YES;
				GCC_WARN_UNINITIALIZED_AUTOS = YES_AGGRESSIVE;
				GCC_WARN_UNUSED_FUNCTION = YES;
				GCC_WARN_UNUSED_VARIABLE = YES;
				IPHONEOS_DEPLOYMENT_TARGET = 8.1;
				MTL_ENABLE_DEBUG_INFO = YES;
				ONLY_ACTIVE_ARCH = YES;
				SDKROOT = iphoneos;
			};
			name = Debug;
		};
		FFEAC7191AC30A2A00530D7B /* Release */ = {
			isa = XCBuildConfiguration;
			buildSettings = {
				ALWAYS_SEARCH_USER_PATHS = NO;
				CLANG_CXX_LANGUAGE_STANDARD = "gnu++0x";
				CLANG_CXX_LIBRARY = "libc++";
				CLANG_ENABLE_MODULES = YES;
				CLANG_ENABLE_OBJC_ARC = YES;
				CLANG_WARN_BOOL_CONVERSION = YES;
				CLANG_WARN_CONSTANT_CONVERSION = YES;
				CLANG_WARN_DIRECT_OBJC_ISA_USAGE = YES_ERROR;
				CLANG_WARN_EMPTY_BODY = YES;
				CLANG_WARN_ENUM_CONVERSION = YES;
				CLANG_WARN_INT_CONVERSION = YES;
				CLANG_WARN_OBJC_ROOT_CLASS = YES_ERROR;
				CLANG_WARN_UNREACHABLE_CODE = YES;
				CLANG_WARN__DUPLICATE_METHOD_MATCH = YES;
				"CODE_SIGN_IDENTITY[sdk=iphoneos*]" = "iPhone Developer";
				COPY_PHASE_STRIP = YES;
				ENABLE_NS_ASSERTIONS = NO;
				ENABLE_STRICT_OBJC_MSGSEND = YES;
				GCC_C_LANGUAGE_STANDARD = gnu99;
				GCC_WARN_64_TO_32_BIT_CONVERSION = YES;
				GCC_WARN_ABOUT_RETURN_TYPE = YES_ERROR;
				GCC_WARN_UNDECLARED_SELECTOR = YES;
				GCC_WARN_UNINITIALIZED_AUTOS = YES_AGGRESSIVE;
				GCC_WARN_UNUSED_FUNCTION = YES;
				GCC_WARN_UNUSED_VARIABLE = YES;
				IPHONEOS_DEPLOYMENT_TARGET = 8.1;
				MTL_ENABLE_DEBUG_INFO = NO;
				SDKROOT = iphoneos;
				VALIDATE_PRODUCT = YES;
			};
			name = Release;
		};
		FFEAC71B1AC30A2A00530D7B /* Debug */ = {
			isa = XCBuildConfiguration;
			buildSettings = {
				ASSETCATALOG_COMPILER_APPICON_NAME = AppIcon;
				INFOPLIST_FILE = GoToJail/Info.plist;
				LD_RUNPATH_SEARCH_PATHS = "$(inherited) @executable_path/Frameworks";
				PRODUCT_NAME = "$(TARGET_NAME)";
			};
			name = Debug;
		};
		FFEAC71C1AC30A2A00530D7B /* Release */ = {
			isa = XCBuildConfiguration;
			buildSettings = {
				ASSETCATALOG_COMPILER_APPICON_NAME = AppIcon;
				INFOPLIST_FILE = GoToJail/Info.plist;
				LD_RUNPATH_SEARCH_PATHS = "$(inherited) @executable_path/Frameworks";
				PRODUCT_NAME = "$(TARGET_NAME)";
			};
			name = Release;
		};
		FFEAC71E1AC30A2A00530D7B /* Debug */ = {
			isa = XCBuildConfiguration;
			buildSettings = {
				BUNDLE_LOADER = "$(TEST_HOST)";
				FRAMEWORK_SEARCH_PATHS = (
					"$(SDKROOT)/Developer/Library/Frameworks",
					"$(inherited)",
				);
				GCC_PREPROCESSOR_DEFINITIONS = (
					"DEBUG=1",
					"$(inherited)",
				);
				INFOPLIST_FILE = GoToJailTests/Info.plist;
				LD_RUNPATH_SEARCH_PATHS = "$(inherited) @executable_path/Frameworks @loader_path/Frameworks";
				PRODUCT_NAME = "$(TARGET_NAME)";
				TEST_HOST = "$(BUILT_PRODUCTS_DIR)/GoToJail.app/GoToJail";
			};
			name = Debug;
		};
		FFEAC71F1AC30A2A00530D7B /* Release */ = {
			isa = XCBuildConfiguration;
			buildSettings = {
				BUNDLE_LOADER = "$(TEST_HOST)";
				FRAMEWORK_SEARCH_PATHS = (
					"$(SDKROOT)/Developer/Library/Frameworks",
					"$(inherited)",
				);
				INFOPLIST_FILE = GoToJailTests/Info.plist;
				LD_RUNPATH_SEARCH_PATHS = "$(inherited) @executable_path/Frameworks @loader_path/Frameworks";
				PRODUCT_NAME = "$(TARGET_NAME)";
				TEST_HOST = "$(BUILT_PRODUCTS_DIR)/GoToJail.app/GoToJail";
			};
			name = Release;
		};
/* End XCBuildConfiguration section */

/* Begin XCConfigurationList section */
		FFEAC6F21AC30A2A00530D7B /* Build configuration list for PBXProject "GoToJail" */ = {
			isa = XCConfigurationList;
			buildConfigurations = (
				FFEAC7181AC30A2A00530D7B /* Debug */,
				FFEAC7191AC30A2A00530D7B /* Release */,
			);
			defaultConfigurationIsVisible = 0;
			defaultConfigurationName = Release;
		};
		FFEAC71A1AC30A2A00530D7B /* Build configuration list for PBXNativeTarget "GoToJail" */ = {
			isa = XCConfigurationList;
			buildConfigurations = (
				FFEAC71B1AC30A2A00530D7B /* Debug */,
				FFEAC71C1AC30A2A00530D7B /* Release */,
			);
			defaultConfigurationIsVisible = 0;
		};
		FFEAC71D1AC30A2A00530D7B /* Build configuration list for PBXNativeTarget "GoToJailTests" */ = {
			isa = XCConfigurationList;
			buildConfigurations = (
				FFEAC71E1AC30A2A00530D7B /* Debug */,
				FFEAC71F1AC30A2A00530D7B /* Release */,
			);
			defaultConfigurationIsVisible = 0;
		};
/* End XCConfigurationList section */
	};
	rootObject = FFEAC6EF1AC30A2A00530D7B /* Project object */;
}
